
Microsoft Visual Studio Solution File, Format Version 12.00
# Visual Studio Version 16
VisualStudioVersion = 16.0.30225.117
MinimumVisualStudioVersion = 10.0.40219.1
Project("{8BC9CEB8-8B4A-11D0-8D11-00A0C91BC942}") = "ex1", "ex1\ex1.vcxproj", "{93304B42-D4C8-4B07-8857-F9B9874CC22F}"
EndProject
Project("{8BC9CEB8-8B4A-11D0-8D11-00A0C91BC942}") = "ex2", "ex2\ex2.vcxproj", "{A4A7F041-1B4D-423E-A982-D35D8F217746}"
EndProject
Project("{8BC9CEB8-8B4A-11D0-8D11-00A0C91BC942}") = "ex3", "ex3\ex3.vcxproj", "{F40F87BB-2FC7-4A1C-A2FA-2E9162270453}"
EndProject
Project("{8BC9CEB8-8B4A-11D0-8D11-00A0C91BC942}") = "ex4", "ex4\ex4.vcxproj", "{985CBA78-CFE4-440E-BE31-C6F69D560E2E}"
EndProject
Global
	GlobalSection(SolutionConfigurationPlatforms) = preSolution
		Debug|x64 = Debug|x64
		Debug|x86 = Debug|x86
		Release|x64 = Release|x64
		Release|x86 = Release|x86
	EndGlobalSection
	GlobalSection(ProjectConfigurationPlatforms) = postSolution
		{93304B42-D4C8-4B07-8857-F9B9874CC22F}.Debug|x64.ActiveCfg = Debug|x64
		{93304B42-D4C8-4B07-8857-F9B9874CC22F}.Debug|x64.Build.0 = Debug|x64
		{93304B42-D4C8-4B07-8857-F9B9874CC22F}.Debug|x86.ActiveCfg = Debug|Win32
		{93304B42-D4C8-4B07-8857-F9B9874CC22F}.Debug|x86.Build.0 = Debug|Win32
		{93304B42-D4C8-4B07-8857-F9B9874CC22F}.Release|x64.ActiveCfg = Release|x64
		{93304B42-D4C8-4B07-8857-F9B9874CC22F}.Release|x64.Build.0 = Release|x64
		{93304B42-D4C8-4B07-8857-F9B9874CC22F}.Release|x86.ActiveCfg = Release|Win32
		{93304B42-D4C8-4B07-8857-F9B9874CC22F}.Release|x86.Build.0 = Release|Win32
		{A4A7F041-1B4D-423E-A982-D35D8F217746}.Debug|x64.ActiveCfg = Debug|x64
		{A4A7F041-1B4D-423E-A982-D35D8F217746}.Debug|x64.Build.0 = Debug|x64
		{A4A7F041-1B4D-423E-A982-D35D8F217746}.Debug|x86.ActiveCfg = Debug|Win32
		{A4A7F041-1B4D-423E-A982-D35D8F217746}.Debug|x86.Build.0 = Debug|Win32
		{A4A7F041-1B4D-423E-A982-D35D8F217746}.Release|x64.ActiveCfg = Release|x64
		{A4A7F041-1B4D-423E-A982-D35D8F217746}.Release|x64.Build.0 = Release|x64
		{A4A7F041-1B4D-423E-A982-D35D8F217746}.Release|x86.ActiveCfg = Release|Win32
		{A4A7F041-1B4D-423E-A982-D35D8F217746}.Release|x86.Build.0 = Release|Win32
		{F40F87BB-2FC7-4A1C-A2FA-2E9162270453}.Debug|x64.ActiveCfg = Debug|x64
		{F40F87BB-2FC7-4A1C-A2FA-2E9162270453}.Debug|x64.Build.0 = Debug|x64
		{F40F87BB-2FC7-4A1C-A2FA-2E9162270453}.Debug|x86.ActiveCfg = Debug|Win32
		{F40F87BB-2FC7-4A1C-A2FA-2E9162270453}.Debug|x86.Build.0 = Debug|Win32
		{F40F87BB-2FC7-4A1C-A2FA-2E9162270453}.Release|x64.ActiveCfg = Release|x64
		{F40F87BB-2FC7-4A1C-A2FA-2E9162270453}.Release|x64.Build.0 = Release|x64
		{F40F87BB-2FC7-4A1C-A2FA-2E9162270453}.Release|x86.ActiveCfg = Release|Win32
		{F40F87BB-2FC7-4A1C-A2FA-2E9162270453}.Release|x86.Build.0 = Release|Win32
		{985CBA78-CFE4-440E-BE31-C6F69D560E2E}.Debug|x64.ActiveCfg = Debug|x64
		{985CBA78-CFE4-440E-BE31-C6F69D560E2E}.Debug|x64.Build.0 = Debug|x64
		{985CBA78-CFE4-440E-BE31-C6F69D560E2E}.Debug|x86.ActiveCfg = Debug|Win32
		{985CBA78-CFE4-440E-BE31-C6F69D560E2E}.Debug|x86.Build.0 = Debug|Win32
		{985CBA78-CFE4-440E-BE31-C6F69D560E2E}.Release|x64.ActiveCfg = Release|x64
		{985CBA78-CFE4-440E-BE31-C6F69D560E2E}.Release|x64.Build.0 = Release|x64
		{985CBA78-CFE4-440E-BE31-C6F69D560E2E}.Release|x86.ActiveCfg = Release|Win32
		{985CBA78-CFE4-440E-BE31-C6F69D560E2E}.Release|x86.Build.0 = Release|Win32
	EndGlobalSection
	GlobalSection(SolutionProperties) = preSolution
		HideSolutionNode = FALSE
	EndGlobalSection
	GlobalSection(ExtensibilityGlobals) = postSolution
		SolutionGuid = {48F2E63B-2C38-4755-AD73-1FCC66AA5F97}
	EndGlobalSection
EndGlobal
